
Microsoft Visual Studio Solution File, Format Version 12.00
# Visual Studio Version 16
VisualStudioVersion = 16.0.30907.101
MinimumVisualStudioVersion = 10.0.40219.1
Project("{FAE04EC0-301F-11D3-BF4B-00C04F79EFBC}") = "ProxyChecker", "ProxyChecker\ProxyChecker.csproj", "{212858CA-072B-4A06-B047-1D484C132158}"
EndProject
Global
	GlobalSection(SolutionConfigurationPlatforms) = preSolution
		Debug|Any CPU = Debug|Any CPU
		Release|Any CPU = Release|Any CPU
	EndGlobalSection
	GlobalSection(ProjectConfigurationPlatforms) = postSolution
		{212858CA-072B-4A06-B047-1D484C132158}.Debug|Any CPU.ActiveCfg = Debug|Any CPU
		{212858CA-072B-4A06-B047-1D484C132158}.Debug|Any CPU.Build.0 = Debug|Any CPU
		{212858CA-072B-4A06-B047-1D484C132158}.Release|Any CPU.ActiveCfg = Release|Any CPU
		{212858CA-072B-4A06-B047-1D484C132158}.Release|Any CPU.Build.0 = Release|Any CPU
	EndGlobalSection
	GlobalSection(SolutionProperties) = preSolution
		HideSolutionNode = FALSE
	EndGlobalSection
	GlobalSection(ExtensibilityGlobals) = postSolution
		SolutionGuid = {0E3C7E65-812D-48D4-804D-5321CE9C0450}
	EndGlobalSection
EndGlobal
